// !$*UTF8*$!
{
	archiveVersion = 1;
	classes = {
	};
	objectVersion = 77;
	objects = {

/* Begin PBXBuildFile section */
		95CEE2F02F86F00000A92972 /* PokerHUD in Frameworks */ = {isa = PBXBuildFile; productRef = 95CEE2EF2F86F00000A92972 /* PokerHUD */; };
/* End PBXBuildFile section */

/* Begin PBXContainerItemProxy section */
		95CEE2C52F86E7F900A92972 /* PBXContainerItemProxy */ = {
			isa = PBXContainerItemProxy;
			containerPortal = 95CEE2AD2F86E7F800A92972 /* Project object */;
			proxyType = 1;
			remoteGlobalIDString = 95CEE2B42F86E7F800A92972;
			remoteInfo = PokerHUDApp;
		};
		95CEE2CF2F86E7F900A92972 /* PBXContainerItemProxy */ = {
			isa = PBXContainerItemProxy;
			containerPortal = 95CEE2AD2F86E7F800A92972 /* Project object */;
			proxyType = 1;
			remoteGlobalIDString = 95CEE2B42F86E7F800A92972;
			remoteInfo = PokerHUDApp;
		};
/* End PBXContainerItemProxy section */

/* Begin PBXFileReference section */
		95CEE2B52F86E7F800A92972 /* PokerHUDApp.app */ = {isa = PBXFileReference; explicitFileType = wrapper.application; includeInIndex = 0; path = PokerHUDApp.app; sourceTree = BUILT_PRODUCTS_DIR; };
		95CEE2C42F86E7F900A92972 /* PokerHUDAppTests.xctest */ = {isa = PBXFileReference; explicitFileType = wrapper.cfbundle; includeInIndex = 0; path = PokerHUDAppTests.xctest; sourceTree = BUILT_PRODUCTS_DIR; };
		95CEE2CE2F86E7F900A92972 /* PokerHUDAppUITests.xctest */ = {isa = PBXFileReference; explicitFileType = wrapper.cfbundle; includeInIndex = 0; path = PokerHUDAppUITests.xctest; sourceTree = BUILT_PRODUCTS_DIR; };
/* End PBXFileReference section */

/* Begin PBXFileSystemSynchronizedRootGroup section */
		95CEE2B72F86E7F800A92972 /* PokerHUDApp */ = {
			isa = PBXFileSystemSynchronizedRootGroup;
			path = PokerHUDApp;
			sourceTree = "<group>";
		};
		95CEE2C72F86E7F900A92972 /* PokerHUDAppTests */ = {
			isa = PBXFileSystemSynchronizedRootGroup;
			path = PokerHUDAppTests;
			sourceTree = "<group>";
		};
		95CEE2D12F86E7F900A92972 /* PokerHUDAppUITests */ = {
			isa = PBXFileSystemSynchronizedRootGroup;
			path = PokerHUDAppUITests;
			sourceTree = "<group>";
		};
/* End PBXFileSystemSynchronizedRootGroup section */

/* Begin PBXFrameworksBuildPhase section */
		95CEE2B22F86E7F800A92972 /* Frameworks */ = {
			isa = PBXFrameworksBuildPhase;
			buildActionMask = 2147483647;
			files = (
				95CEE2F02F86F00000A92972 /* PokerHUD in Frameworks */,
			);
			runOnlyForDeploymentPostprocessing = 0;
		};
		95CEE2C12F86E7F900A92972 /* Frameworks */ = {
			isa = PBXFrameworksBuildPhase;
			buildActionMask = 2147483647;
			files = (
			);
			runOnlyForDeploymentPostprocessing = 0;
		};
		95CEE2CB2F86E7F900A92972 /* Frameworks */ = {
			isa = PBXFrameworksBuildPhase;
			buildActionMask = 2147483647;
			files = (
			);
			runOnlyForDeploymentPostprocessing = 0;
		};
/* End PBXFrameworksBuildPhase section */

/* Begin PBXGroup section */
		95CEE2AC2F86E7F800A92972 = {
			isa = PBXGroup;
			children = (
				95CEE2B72F86E7F800A92972 /* PokerHUDApp */,
				95CEE2C72F86E7F900A92972 /* PokerHUDAppTests */,
				95CEE2D12F86E7F900A92972 /* PokerHUDAppUITests */,
				95CEE2B62F86E7F800A92972 /* Products */,
			);
			sourceTree = "<group>";
		};
		95CEE2B62F86E7F800A92972 /* Products */ = {
			isa = PBXGroup;
			children = (
				95CEE2B52F86E7F800A92972 /* PokerHUDApp.app */,
				95CEE2C42F86E7F900A92972 /* PokerHUDAppTests.xctest */,
				95CEE2CE2F86E7F900A92972 /* PokerHUDAppUITests.xctest */,
			);
			name = Products;
			sourceTree = "<group>";
		};
/* End PBXGroup section */

/* Begin PBXNativeTarget section */
		95CEE2B42F86E7F800A92972 /* PokerHUDApp */ = {
			isa = PBXNativeTarget;
			buildConfigurationList = 95CEE2D82F86E7F900A92972 /* Build configuration list for PBXNativeTarget "PokerHUDApp" */;
			buildPhases = (
				95CEE2B12F86E7F800A92972 /* Sources */,
				95CEE2B22F86E7F800A92972 /* Frameworks */,
				95CEE2B32F86E7F800A92972 /* Resources */,
			);
			buildRules = (
			);
			dependencies = (
			);
			fileSystemSynchronizedGroups = (
				95CEE2B72F86E7F800A92972 /* PokerHUDApp */,
			);
			name = PokerHUDApp;
			packageProductDependencies = (
				95CEE2EF2F86F00000A92972 /* PokerHUD */,
			);
			productName = PokerHUDApp;
			productReference = 95CEE2B52F86E7F800A92972 /* PokerHUDApp.app */;
			productType = "com.apple.product-type.application";
		};
		95CEE2C32F86E7F900A92972 /* PokerHUDAppTests */ = {
			isa = PBXNativeTarget;
			buildConfigurationList = 95CEE2DB2F86E7F900A92972 /* Build configuration list for PBXNativeTarget "PokerHUDAppTests" */;
			buildPhases = (
				95CEE2C02F86E7F900A92972 /* Sources */,
				95CEE2C12F86E7F900A92972 /* Frameworks */,
				95CEE2C22F86E7F900A92972 /* Resources */,
			);
			buildRules = (
			);
			dependencies = (
				95CEE2C62F86E7F900A92972 /* PBXTargetDependency */,
			);
			fileSystemSynchronizedGroups = (
				95CEE2C72F86E7F900A92972 /* PokerHUDAppTests */,
			);
			name = PokerHUDAppTests;
			packageProductDependencies = (
			);
			productName = PokerHUDAppTests;
			productReference = 95CEE2C42F86E7F900A92972 /* PokerHUDAppTests.xctest */;
			productType = "com.apple.product-type.bundle.unit-test";
		};
		95CEE2CD2F86E7F900A92972 /* PokerHUDAppUITests */ = {
			isa = PBXNativeTarget;
			buildConfigurationList = 95CEE2DE2F86E7F900A92972 /* Build configuration list for PBXNativeTarget "PokerHUDAppUITests" */;
			buildPhases = (
				95CEE2CA2F86E7F900A92972 /* Sources */,
				95CEE2CB2F86E7F900A92972 /* Frameworks */,
				95CEE2CC2F86E7F900A92972 /* Resources */,
			);
			buildRules = (
			);
			dependencies = (
				95CEE2D02F86E7F900A92972 /* PBXTargetDependency */,
			);
			fileSystemSynchronizedGroups = (
				95CEE2D12F86E7F900A92972 /* PokerHUDAppUITests */,
			);
			name = PokerHUDAppUITests;
			packageProductDependencies = (
			);
			productName = PokerHUDAppUITests;
			productReference = 95CEE2CE2F86E7F900A92972 /* PokerHUDAppUITests.xctest */;
			productType = "com.apple.product-type.bundle.ui-testing";
		};
/* End PBXNativeTarget section */

/* Begin PBXProject section */
		95CEE2AD2F86E7F800A92972 /* Project object */ = {
			isa = PBXProject;
			attributes = {
				BuildIndependentTargetsInParallel = 1;
				LastSwiftUpdateCheck = 2640;
				LastUpgradeCheck = 2640;
				TargetAttributes = {
					95CEE2B42F86E7F800A92972 = {
						CreatedOnToolsVersion = 26.4;
					};
					95CEE2C32F86E7F900A92972 = {
						CreatedOnToolsVersion = 26.4;
						TestTargetID = 95CEE2B42F86E7F800A92972;
					};
					95CEE2CD2F86E7F900A92972 = {
						CreatedOnToolsVersion = 26.4;
						TestTargetID = 95CEE2B42F86E7F800A92972;
					};
				};
			};
			buildConfigurationList = 95CEE2B02F86E7F800A92972 /* Build configuration list for PBXProject "PokerHUDApp" */;
			developmentRegion = en;
			hasScannedForEncodings = 0;
			knownRegions = (
				en,
				Base,
			);
			mainGroup = 95CEE2AC2F86E7F800A92972;
			minimizedProjectReferenceProxies = 1;
			packageReferences = (
				95CEE2EC2F86EDCB00A92972 /* XCLocalSwiftPackageReference "../.." */,
			);
			preferredProjectObjectVersion = 77;
			productRefGroup = 95CEE2B62F86E7F800A92972 /* Products */;
			projectDirPath = "";
			projectRoot = "";
			targets = (
				95CEE2B42F86E7F800A92972 /* PokerHUDApp */,
				95CEE2C32F86E7F900A92972 /* PokerHUDAppTests */,
				95CEE2CD2F86E7F900A92972 /* PokerHUDAppUITests */,
			);
		};
/* End PBXProject section */

/* Begin PBXResourcesBuildPhase section */
		95CEE2B32F86E7F800A92972 /* Resources */ = {
			isa = PBXResourcesBuildPhase;
			buildActionMask = 2147483647;
			files = (
			);
			runOnlyForDeploymentPostprocessing = 0;
		};
		95CEE2C22F86E7F900A92972 /* Resources */ = {
			isa = PBXResourcesBuildPhase;
			buildActionMask = 2147483647;
			files = (
			);
			runOnlyForDeploymentPostprocessing = 0;
		};
		95CEE2CC2F86E7F900A92972 /* Resources */ = {
			isa = PBXResourcesBuildPhase;
			buildActionMask = 2147483647;
			files = (
			);
			runOnlyForDeploymentPostprocessing = 0;
		};
/* End PBXResourcesBuildPhase section */

/* Begin PBXSourcesBuildPhase section */
		95CEE2B12F86E7F800A92972 /* Sources */ = {
			isa = PBXSourcesBuildPhase;
			buildActionMask = 2147483647;
			files = (
			);
			runOnlyForDeploymentPostprocessing = 0;
		};
		95CEE2C02F86E7F900A92972 /* Sources */ = {
			isa = PBXSourcesBuildPhase;
			buildActionMask = 2147483647;
			files = (
			);
			runOnlyForDeploymentPostprocessing = 0;
		};
		95CEE2CA2F86E7F900A92972 /* Sources */ = {
			isa = PBXSourcesBuildPhase;
			buildActionMask = 2147483647;
			files = (
			);
			runOnlyForDeploymentPostprocessing = 0;
		};
/* End PBXSourcesBuildPhase section */

/* Begin PBXTargetDependency section */
		95CEE2C62F86E7F900A92972 /* PBXTargetDependency */ = {
			isa = PBXTargetDependency;
			target = 95CEE2B42F86E7F800A92972 /* PokerHUDApp */;
			targetProxy = 95CEE2C52F86E7F900A92972 /* PBXContainerItemProxy */;
		};
		95CEE2D02F86E7F900A92972 /* PBXTargetDependency */ = {
			isa = PBXTargetDependency;
			target = 95CEE2B42F86E7F800A92972 /* PokerHUDApp */;
			targetProxy = 95CEE2CF2F86E7F900A92972 /* PBXContainerItemProxy */;
		};
/* End PBXTargetDependency section */

/* Begin XCBuildConfiguration section */
		95CEE2D62F86E7F900A92972 /* Debug */ = {
			isa = XCBuildConfiguration;
			buildSettings = {
				ALWAYS_SEARCH_USER_PATHS = NO;
				ASSETCATALOG_COMPILER_GENERATE_SWIFT_ASSET_SYMBOL_EXTENSIONS = YES;
				CLANG_ANALYZER_NONNULL = YES;
				CLANG_ANALYZER_NUMBER_OBJECT_CONVERSION = YES_AGGRESSIVE;
				CLANG_CXX_LANGUAGE_STANDARD = "gnu++20";
				CLANG_ENABLE_MODULES = YES;
				CLANG_ENABLE_OBJC_ARC = YES;
				CLANG_ENABLE_OBJC_WEAK = YES;
				CLANG_WARN_BLOCK_CAPTURE_AUTORELEASING = YES;
				CLANG_WARN_BOOL_CONVERSION = YES;
				CLANG_WARN_COMMA = YES;
				CLANG_WARN_CONSTANT_CONVERSION = YES;
				CLANG_WARN_DEPRECATED_OBJC_IMPLEMENTATIONS = YES;
				CLANG_WARN_DIRECT_OBJC_ISA_USAGE = YES_ERROR;
				CLANG_WARN_DOCUMENTATION_COMMENTS = YES;
				CLANG_WARN_EMPTY_BODY = YES;
				CLANG_WARN_ENUM_CONVERSION = YES;
				CLANG_WARN_INFINITE_RECURSION = YES;
				CLANG_WARN_INT_CONVERSION = YES;
				CLANG_WARN_NON_LITERAL_NULL_CONVERSION = YES;
				CLANG_WARN_OBJC_IMPLICIT_RETAIN_SELF = YES;
				CLANG_WARN_OBJC_LITERAL_CONVERSION = YES;
				CLANG_WARN_OBJC_ROOT_CLASS = YES_ERROR;
				CLANG_WARN_QUOTED_INCLUDE_IN_FRAMEWORK_HEADER = YES;
				CLANG_WARN_RANGE_LOOP_ANALYSIS = YES;
				CLANG_WARN_STRICT_PROTOTYPES = YES;
				CLANG_WARN_SUSPICIOUS_MOVE = YES;
				CLANG_WARN_UNGUARDED_AVAILABILITY = YES_AGGRESSIVE;
				CLANG_WARN_UNREACHABLE_CODE = YES;
				CLANG_WARN__DUPLICATE_METHOD_MATCH = YES;
				COPY_PHASE_STRIP = NO;
				DEBUG_INFORMATION_FORMAT = dwarf;
				ENABLE_STRICT_OBJC_MSGSEND = YES;
				ENABLE_TESTABILITY = YES;
				ENABLE_USER_SCRIPT_SANDBOXING = YES;
				GCC_C_LANGUAGE_STANDARD = gnu17;
				GCC_DYNAMIC_NO_PIC = NO;
				GCC_NO_COMMON_BLOCKS = YES;
				GCC_OPTIMIZATION_LEVEL = 0;
				GCC_PREPROCESSOR_DEFINITIONS = (
					"DEBUG=1",
					"$(inherited)",
				);
				GCC_WARN_64_TO_32_BIT_CONVERSION = YES;
				GCC_WARN_ABOUT_RETURN_TYPE = YES_ERROR;
				GCC_WARN_UNDECLARED_SELECTOR = YES;
				GCC_WARN_UNINITIALIZED_AUTOS = YES_AGGRESSIVE;
				GCC_WARN_UNUSED_FUNCTION = YES;
				GCC_WARN_UNUSED_VARIABLE = YES;
				LOCALIZATION_PREFERS_STRING_CATALOGS = YES;
				MACOSX_DEPLOYMENT_TARGET = 14.0;
				MTL_ENABLE_DEBUG_INFO = INCLUDE_SOURCE;
				MTL_FAST_MATH = YES;
				ONLY_ACTIVE_ARCH = YES;
				SDKROOT = macosx;
				SWIFT_ACTIVE_COMPILATION_CONDITIONS = "DEBUG $(inherited)";
				SWIFT_OPTIMIZATION_LEVEL = "-Onone";
			};
			name = Debug;
		};
		95CEE2D72F86E7F900A92972 /* Release */ = {
			isa = XCBuildConfiguration;
			buildSettings = {
				ALWAYS_SEARCH_USER_PATHS = NO;
				ASSETCATALOG_COMPILER_GENERATE_SWIFT_ASSET_SYMBOL_EXTENSIONS = YES;
				CLANG_ANALYZER_NONNULL = YES;
				CLANG_ANALYZER_NUMBER_OBJECT_CONVERSION = YES_AGGRESSIVE;
				CLANG_CXX_LANGUAGE_STANDARD = "gnu++20";
				CLANG_ENABLE_MODULES = YES;
				CLANG_ENABLE_OBJC_ARC = YES;
				CLANG_ENABLE_OBJC_WEAK = YES;
				CLANG_WARN_BLOCK_CAPTURE_AUTORELEASING = YES;
				CLANG_WARN_BOOL_CONVERSION = YES;
				CLANG_WARN_COMMA = YES;
				CLANG_WARN_CONSTANT_CONVERSION = YES;
				CLANG_WARN_DEPRECATED_OBJC_IMPLEMENTATIONS = YES;
				CLANG_WARN_DIRECT_OBJC_ISA_USAGE = YES_ERROR;
				CLANG_WARN_DOCUMENTATION_COMMENTS = YES;
				CLANG_WARN_EMPTY_BODY = YES;
				CLANG_WARN_ENUM_CONVERSION = YES;
				CLANG_WARN_INFINITE_RECURSION = YES;
				CLANG_WARN_INT_CONVERSION = YES;
				CLANG_WARN_NON_LITERAL_NULL_CONVERSION = YES;
				CLANG_WARN_OBJC_IMPLICIT_RETAIN_SELF = YES;
				CLANG_WARN_OBJC_LITERAL_CONVERSION = YES;
				CLANG_WARN_OBJC_ROOT_CLASS = YES_ERROR;
				CLANG_WARN_QUOTED_INCLUDE_IN_FRAMEWORK_HEADER = YES;
				CLANG_WARN_RANGE_LOOP_ANALYSIS = YES;
				CLANG_WARN_STRICT_PROTOTYPES = YES;
				CLANG_WARN_SUSPICIOUS_MOVE = YES;
				CLANG_WARN_UNGUARDED_AVAILABILITY = YES_AGGRESSIVE;
				CLANG_WARN_UNREACHABLE_CODE = YES;
				CLANG_WARN__DUPLICATE_METHOD_MATCH = YES;
				COPY_PHASE_STRIP = NO;
				DEBUG_INFORMATION_FORMAT = "dwarf-with-dsym";
				ENABLE_NS_ASSERTIONS = NO;
				ENABLE_STRICT_OBJC_MSGSEND = YES;
				ENABLE_USER_SCRIPT_SANDBOXING = YES;
				GCC_C_LANGUAGE_STANDARD = gnu17;
				GCC_NO_COMMON_BLOCKS = YES;
				GCC_WARN_64_TO_32_BIT_CONVERSION = YES;
				GCC_WARN_ABOUT_RETURN_TYPE = YES_ERROR;
				GCC_WARN_UNDECLARED_SELECTOR = YES;
				GCC_WARN_UNINITIALIZED_AUTOS = YES_AGGRESSIVE;
				GCC_WARN_UNUSED_FUNCTION = YES;
				GCC_WARN_UNUSED_VARIABLE = YES;
				LOCALIZATION_PREFERS_STRING_CATALOGS = YES;
				MACOSX_DEPLOYMENT_TARGET = 14.0;
				MTL_ENABLE_DEBUG_INFO = NO;
				MTL_FAST_MATH = YES;
				SDKROOT = macosx;
				SWIFT_COMPILATION_MODE = wholemodule;
			};
			name = Release;
		};
		95CEE2D92F86E7F900A92972 /* Debug */ = {
			isa = XCBuildConfiguration;
			buildSettings = {
				ASSETCATALOG_COMPILER_APPICON_NAME = AppIcon;
				ASSETCATALOG_COMPILER_GLOBAL_ACCENT_COLOR_NAME = AccentColor;
				AUTOMATION_APPLE_EVENTS = NO;
				CODE_SIGN_ENTITLEMENTS = PokerHUD.entitlements;
				"CODE_SIGN_IDENTITY[sdk=macosx*]" = "Apple Development";
				CODE_SIGN_STYLE = Automatic;
				COMBINE_HIDPI_IMAGES = YES;
				CURRENT_PROJECT_VERSION = 1;
				DEVELOPMENT_TEAM = 2P53C789C9;
				ENABLE_APP_SANDBOX = YES;
				ENABLE_HARDENED_RUNTIME = YES;
				ENABLE_PREVIEWS = YES;
				ENABLE_RESOURCE_ACCESS_AUDIO_INPUT = NO;
				ENABLE_RESOURCE_ACCESS_CALENDARS = NO;
				ENABLE_RESOURCE_ACCESS_CAMERA = NO;
				ENABLE_RESOURCE_ACCESS_CONTACTS = NO;
				ENABLE_RESOURCE_ACCESS_LOCATION = NO;
				ENABLE_RESOURCE_ACCESS_PHOTO_LIBRARY = NO;
				ENABLE_USER_SELECTED_FILES = readonly;
				GENERATE_INFOPLIST_FILE = NO;
				INFOPLIST_FILE = Info.plist;
				LD_RUNPATH_SEARCH_PATHS = (
					"$(inherited)",
					"@executable_path/../Frameworks",
				);
				MACOSX_DEPLOYMENT_TARGET = 14.0;
				MARKETING_VERSION = 1.0;
				PRODUCT_BUNDLE_IDENTIFIER = com.pokereye.pokerhud;
				PRODUCT_NAME = "$(TARGET_NAME)";
				REGISTER_APP_GROUPS = YES;
				RUNTIME_EXCEPTION_ALLOW_DYLD_ENVIRONMENT_VARIABLES = NO;
				RUNTIME_EXCEPTION_ALLOW_JIT = NO;
				RUNTIME_EXCEPTION_ALLOW_UNSIGNED_EXECUTABLE_MEMORY = NO;
				RUNTIME_EXCEPTION_DEBUGGING_TOOL = NO;
				RUNTIME_EXCEPTION_DISABLE_EXECUTABLE_PAGE_PROTECTION = NO;
				RUNTIME_EXCEPTION_DISABLE_LIBRARY_VALIDATION = NO;
				STRING_CATALOG_GENERATE_SYMBOLS = YES;
				SWIFT_APPROACHABLE_CONCURRENCY = YES;
				SWIFT_DEFAULT_ACTOR_ISOLATION = MainActor;
				SWIFT_EMIT_LOC_STRINGS = YES;
				SWIFT_UPCOMING_FEATURE_MEMBER_IMPORT_VISIBILITY = YES;
				SWIFT_VERSION = 5.0;
			};
			name = Debug;
		};
		95CEE2DA2F86E7F900A92972 /* Release */ = {
			isa = XCBuildConfiguration;
			buildSettings = {
				ASSETCATALOG_COMPILER_APPICON_NAME = AppIcon;
				ASSETCATALOG_COMPILER_GLOBAL_ACCENT_COLOR_NAME = AccentColor;
				AUTOMATION_APPLE_EVENTS = NO;
				CODE_SIGN_ENTITLEMENTS = PokerHUD.entitlements;
				"CODE_SIGN_IDENTITY[sdk=macosx*]" = "Apple Development";
				CODE_SIGN_STYLE = Automatic;
				COMBINE_HIDPI_IMAGES = YES;
				CURRENT_PROJECT_VERSION = 1;
				DEVELOPMENT_TEAM = 2P53C789C9;
				ENABLE_APP_SANDBOX = YES;
				ENABLE_HARDENED_RUNTIME = YES;
				ENABLE_PREVIEWS = YES;
				ENABLE_RESOURCE_ACCESS_AUDIO_INPUT = NO;
				ENABLE_RESOURCE_ACCESS_CALENDARS = NO;
				ENABLE_RESOURCE_ACCESS_CAMERA = NO;
				ENABLE_RESOURCE_ACCESS_CONTACTS = NO;
				ENABLE_RESOURCE_ACCESS_LOCATION = NO;
				ENABLE_RESOURCE_ACCESS_PHOTO_LIBRARY = NO;
				ENABLE_USER_SELECTED_FILES = readonly;
				GENERATE_INFOPLIST_FILE = NO;
				INFOPLIST_FILE = Info.plist;
				LD_RUNPATH_SEARCH_PATHS = (
					"$(inherited)",
					"@executable_path/../Frameworks",
				);
				MACOSX_DEPLOYMENT_TARGET = 14.0;
				MARKETING_VERSION = 1.0;
				PRODUCT_BUNDLE_IDENTIFIER = com.pokereye.pokerhud;
				PRODUCT_NAME = "$(TARGET_NAME)";
				REGISTER_APP_GROUPS = YES;
				RUNTIME_EXCEPTION_ALLOW_DYLD_ENVIRONMENT_VARIABLES = NO;
				RUNTIME_EXCEPTION_ALLOW_JIT = NO;
				RUNTIME_EXCEPTION_ALLOW_UNSIGNED_EXECUTABLE_MEMORY = NO;
				RUNTIME_EXCEPTION_DEBUGGING_TOOL = NO;
				RUNTIME_EXCEPTION_DISABLE_EXECUTABLE_PAGE_PROTECTION = NO;
				RUNTIME_EXCEPTION_DISABLE_LIBRARY_VALIDATION = NO;
				STRING_CATALOG_GENERATE_SYMBOLS = YES;
				SWIFT_APPROACHABLE_CONCURRENCY = YES;
				SWIFT_DEFAULT_ACTOR_ISOLATION = MainActor;
				SWIFT_EMIT_LOC_STRINGS = YES;
				SWIFT_UPCOMING_FEATURE_MEMBER_IMPORT_VISIBILITY = YES;
				SWIFT_VERSION = 5.0;
			};
			name = Release;
		};
		95CEE2DC2F86E7F900A92972 /* Debug */ = {
			isa = XCBuildConfiguration;
			buildSettings = {
				BUNDLE_LOADER = "$(TEST_HOST)";
				CODE_SIGN_STYLE = Automatic;
				CURRENT_PROJECT_VERSION = 1;
				GENERATE_INFOPLIST_FILE = YES;
				MACOSX_DEPLOYMENT_TARGET = 14.0;
				MARKETING_VERSION = 1.0;
				PRODUCT_BUNDLE_IDENTIFIER = com.pokerhud.app.PokerHUDAppTests;
				PRODUCT_NAME = "$(TARGET_NAME)";
				STRING_CATALOG_GENERATE_SYMBOLS = NO;
				SWIFT_APPROACHABLE_CONCURRENCY = YES;
				SWIFT_EMIT_LOC_STRINGS = NO;
				SWIFT_UPCOMING_FEATURE_MEMBER_IMPORT_VISIBILITY = YES;
				SWIFT_VERSION = 5.0;
				TEST_HOST = "$(BUILT_PRODUCTS_DIR)/PokerHUDApp.app/$(BUNDLE_EXECUTABLE_FOLDER_PATH)/PokerHUDApp";
			};
			name = Debug;
		};
		95CEE2DD2F86E7F900A92972 /* Release */ = {
			isa = XCBuildConfiguration;
			buildSettings = {
				BUNDLE_LOADER = "$(TEST_HOST)";
				CODE_SIGN_STYLE = Automatic;
				CURRENT_PROJECT_VERSION = 1;
				GENERATE_INFOPLIST_FILE = YES;
				MACOSX_DEPLOYMENT_TARGET = 14.0;
				MARKETING_VERSION = 1.0;
				PRODUCT_BUNDLE_IDENTIFIER = com.pokerhud.app.PokerHUDAppTests;
				PRODUCT_NAME = "$(TARGET_NAME)";
				STRING_CATALOG_GENERATE_SYMBOLS = NO;
				SWIFT_APPROACHABLE_CONCURRENCY = YES;
				SWIFT_EMIT_LOC_STRINGS = NO;
				SWIFT_UPCOMING_FEATURE_MEMBER_IMPORT_VISIBILITY = YES;
				SWIFT_VERSION = 5.0;
				TEST_HOST = "$(BUILT_PRODUCTS_DIR)/PokerHUDApp.app/$(BUNDLE_EXECUTABLE_FOLDER_PATH)/PokerHUDApp";
			};
			name = Release;
		};
		95CEE2DF2F86E7F900A92972 /* Debug */ = {
			isa = XCBuildConfiguration;
			buildSettings = {
				CODE_SIGN_STYLE = Automatic;
				CURRENT_PROJECT_VERSION = 1;
				GENERATE_INFOPLIST_FILE = YES;
				MARKETING_VERSION = 1.0;
				PRODUCT_BUNDLE_IDENTIFIER = com.pokerhud.app.PokerHUDAppUITests;
				PRODUCT_NAME = "$(TARGET_NAME)";
				STRING_CATALOG_GENERATE_SYMBOLS = NO;
				SWIFT_APPROACHABLE_CONCURRENCY = YES;
				SWIFT_EMIT_LOC_STRINGS = NO;
				SWIFT_UPCOMING_FEATURE_MEMBER_IMPORT_VISIBILITY = YES;
				SWIFT_VERSION = 5.0;
				TEST_TARGET_NAME = PokerHUDApp;
			};
			name = Debug;
		};
		95CEE2E02F86E7F900A92972 /* Release */ = {
			isa = XCBuildConfiguration;
			buildSettings = {
				CODE_SIGN_STYLE = Automatic;
				CURRENT_PROJECT_VERSION = 1;
				GENERATE_INFOPLIST_FILE = YES;
				MARKETING_VERSION = 1.0;
				PRODUCT_BUNDLE_IDENTIFIER = com.pokerhud.app.PokerHUDAppUITests;
				PRODUCT_NAME = "$(TARGET_NAME)";
				STRING_CATALOG_GENERATE_SYMBOLS = NO;
				SWIFT_APPROACHABLE_CONCURRENCY = YES;
				SWIFT_EMIT_LOC_STRINGS = NO;
				SWIFT_UPCOMING_FEATURE_MEMBER_IMPORT_VISIBILITY = YES;
				SWIFT_VERSION = 5.0;
				TEST_TARGET_NAME = PokerHUDApp;
			};
			name = Release;
		};
/* End XCBuildConfiguration section */

/* Begin XCConfigurationList section */
		95CEE2B02F86E7F800A92972 /* Build configuration list for PBXProject "PokerHUDApp" */ = {
			isa = XCConfigurationList;
			buildConfigurations = (
				95CEE2D62F86E7F900A92972 /* Debug */,
				95CEE2D72F86E7F900A92972 /* Release */,
			);
			defaultConfigurationIsVisible = 0;
			defaultConfigurationName = Release;
		};
		95CEE2D82F86E7F900A92972 /* Build configuration list for PBXNativeTarget "PokerHUDApp" */ = {
			isa = XCConfigurationList;
			buildConfigurations = (
				95CEE2D92F86E7F900A92972 /* Debug */,
				95CEE2DA2F86E7F900A92972 /* Release */,
			);
			defaultConfigurationIsVisible = 0;
			defaultConfigurationName = Release;
		};
		95CEE2DB2F86E7F900A92972 /* Build configuration list for PBXNativeTarget "PokerHUDAppTests" */ = {
			isa = XCConfigurationList;
			buildConfigurations = (
				95CEE2DC2F86E7F900A92972 /* Debug */,
				95CEE2DD2F86E7F900A92972 /* Release */,
			);
			defaultConfigurationIsVisible = 0;
			defaultConfigurationName = Release;
		};
		95CEE2DE2F86E7F900A92972 /* Build configuration list for PBXNativeTarget "PokerHUDAppUITests" */ = {
			isa = XCConfigurationList;
			buildConfigurations = (
				95CEE2DF2F86E7F900A92972 /* Debug */,
				95CEE2E02F86E7F900A92972 /* Release */,
			);
			defaultConfigurationIsVisible = 0;
			defaultConfigurationName = Release;
		};
/* End XCConfigurationList section */

/* Begin XCLocalSwiftPackageReference section */
		95CEE2EC2F86EDCB00A92972 /* XCLocalSwiftPackageReference "../.." */ = {
			isa = XCLocalSwiftPackageReference;
			relativePath = ../..;
		};
/* End XCLocalSwiftPackageReference section */

/* Begin XCSwiftPackageProductDependency section */
		95CEE2EF2F86F00000A92972 /* PokerHUD */ = {
			isa = XCSwiftPackageProductDependency;
			productName = PokerHUD;
		};
/* End XCSwiftPackageProductDependency section */
	};
	rootObject = 95CEE2AD2F86E7F800A92972 /* Project object */;
}
